
Microsoft Visual Studio Solution File, Format Version 12.00
# Visual Studio Version 16
VisualStudioVersion = 16.0.32228.343
MinimumVisualStudioVersion = 10.0.40219.1
Project("{FAE04EC0-301F-11D3-BF4B-00C04F79EFBC}") = "foodType", "foodType.csproj", "{37032FC2-B429-46CD-B090-26978DB1D15B}"
EndProject
Global
	GlobalSection(SolutionConfigurationPlatforms) = preSolution
		Debug|Any CPU = Debug|Any CPU
		Release|Any CPU = Release|Any CPU
	EndGlobalSection
	GlobalSection(ProjectConfigurationPlatforms) = postSolution
		{37032FC2-B429-46CD-B090-26978DB1D15B}.Debug|Any CPU.ActiveCfg = Debug|Any CPU
		{37032FC2-B429-46CD-B090-26978DB1D15B}.Debug|Any CPU.Build.0 = Debug|Any CPU
		{37032FC2-B429-46CD-B090-26978DB1D15B}.Release|Any CPU.ActiveCfg = Release|Any CPU
		{37032FC2-B429-46CD-B090-26978DB1D15B}.Release|Any CPU.Build.0 = Release|Any CPU
	EndGlobalSection
	GlobalSection(SolutionProperties) = preSolution
		HideSolutionNode = FALSE
	EndGlobalSection
	GlobalSection(ExtensibilityGlobals) = postSolution
		SolutionGuid = {3415D87E-0A16-4DAA-9943-07679796435A}
	EndGlobalSection
EndGlobal
